{
  "name": "@artemis-prime/distance-sorter",
  "version": "1.0.0",
  "lockfileVersion": 1,
  "requires": true,
  "dependencies": {
    "@artemis-prime/logger": {
      "version": "1.0.0",
      "resolved": "https://registry.npmjs.org/@artemis-prime/logger/-/logger-1.0.0.tgz",
      "integrity": "sha512-lAJRw46RVF3kA+6xnbR29lXbtiC5cZsofIJ+dMelFXZXzEZic9maY5jjzySoDJFEB5S5u/og58xzBtsf+4TOGA=="
    },
    "geolib": {
      "version": "2.0.22",
      "resolved": "https://registry.npmjs.org/geolib/-/geolib-2.0.22.tgz",
      "integrity": "sha1-106W6+ouAEnvSAd8HNEhQGPicgA="
    }
  }
}
